{
  "nodes": {
    "home-manager": {
      "inputs": {
        "nixpkgs": "nixpkgs"
      },
      "locked": {
        "lastModified": 1758463745,
        "narHash": "sha256-uhzsV0Q0I9j2y/rfweWeGif5AWe0MGrgZ/3TjpDYdGA=",
        "owner": "nix-community",
        "repo": "home-manager",
        "rev": "3b955f5f0a942f9f60cdc9cacb7844335d0f21c3",
        "type": "github"
      },
      "original": {
        "owner": "nix-community",
        "ref": "release-25.05",
        "repo": "home-manager",
        "type": "github"
      }
    },
    "kickstart": {
      "flake": false,
      "locked": {
        "lastModified": 1747948204,
        "narHash": "sha256-R59087fZQVRxyD47T0TPwjbq3s+N+aJAcT7S5AZhQz8=",
        "owner": "nvim-lua",
        "repo": "kickstart.nvim",
        "rev": "3338d3920620861f8313a2745fd5d2be39f39534",
        "type": "github"
      },
      "original": {
        "owner": "nvim-lua",
        "repo": "kickstart.nvim",
        "type": "github"
      }
    },
    "nixpkgs": {
      "locked": {
        "lastModified": 1753345091,
        "narHash": "sha256-CdX2Rtvp5I8HGu9swBmYuq+ILwRxpXdJwlpg8jvN4tU=",
        "owner": "NixOS",
        "repo": "nixpkgs",
        "rev": "3ff0e34b1383648053bba8ed03f201d3466f90c9",
        "type": "github"
      },
      "original": {
        "owner": "NixOS",
        "ref": "nixos-25.05",
        "repo": "nixpkgs",
        "type": "github"
      }
    },
    "nixpkgs_2": {
      "locked": {
        "lastModified": 1760580664,
        "narHash": "sha256-/YdfibIrnqXAL8p5kqCU345mzpHoOtuVIkMiI2pF4Dc=",
        "owner": "nixos",
        "repo": "nixpkgs",
        "rev": "98ff3f9af2684f6136c24beef08f5e2033fc5389",
        "type": "github"
      },
      "original": {
        "owner": "nixos",
        "ref": "nixos-25.05",
        "repo": "nixpkgs",
        "type": "github"
      }
    },
    "root": {
      "inputs": {
        "home-manager": "home-manager",
        "kickstart": "kickstart",
        "nixpkgs": "nixpkgs_2"
      }
    }
  },
  "root": "root",
  "version": 7
}
